
Microsoft Visual Studio Solution File, Format Version 12.00
# Visual Studio Version 16
VisualStudioVersion = 16.0.29613.14
MinimumVisualStudioVersion = 10.0.40219.1
Project("{6EC3EE1D-3C4E-46DD-8F32-0CC8E7565705}") = "API", "API\API.fsproj", "{AAE8D71B-426E-4E63-B9EF-0BEF9593DDAB}"
EndProject
Project("{F2A71F9B-5D33-465A-A702-920D77279786}") = "API.Tests", "API.Tests\API.Tests.fsproj", "{18B4BF49-C183-4E77-9EF3-DA95E07042E0}"
EndProject
Global
	GlobalSection(SolutionConfigurationPlatforms) = preSolution
		Debug|Any CPU = Debug|Any CPU
		Release|Any CPU = Release|Any CPU
	EndGlobalSection
	GlobalSection(ProjectConfigurationPlatforms) = postSolution
		{AAE8D71B-426E-4E63-B9EF-0BEF9593DDAB}.Debug|Any CPU.ActiveCfg = Debug|Any CPU
		{AAE8D71B-426E-4E63-B9EF-0BEF9593DDAB}.Debug|Any CPU.Build.0 = Debug|Any CPU
		{AAE8D71B-426E-4E63-B9EF-0BEF9593DDAB}.Release|Any CPU.ActiveCfg = Release|Any CPU
		{AAE8D71B-426E-4E63-B9EF-0BEF9593DDAB}.Release|Any CPU.Build.0 = Release|Any CPU
		{18B4BF49-C183-4E77-9EF3-DA95E07042E0}.Debug|Any CPU.ActiveCfg = Debug|Any CPU
		{18B4BF49-C183-4E77-9EF3-DA95E07042E0}.Debug|Any CPU.Build.0 = Debug|Any CPU
		{18B4BF49-C183-4E77-9EF3-DA95E07042E0}.Release|Any CPU.ActiveCfg = Release|Any CPU
		{18B4BF49-C183-4E77-9EF3-DA95E07042E0}.Release|Any CPU.Build.0 = Release|Any CPU
	EndGlobalSection
	GlobalSection(SolutionProperties) = preSolution
		HideSolutionNode = FALSE
	EndGlobalSection
	GlobalSection(ExtensibilityGlobals) = postSolution
		SolutionGuid = {B2F5B660-AEC9-4E95-AE70-DEB141ECA8C0}
	EndGlobalSection
EndGlobal
